
Microsoft Visual Studio Solution File, Format Version 12.00
# Visual Studio Version 17
VisualStudioVersion = 17.7.34202.233
MinimumVisualStudioVersion = 10.0.40219.1
Project("{FAE04EC0-301F-11D3-BF4B-00C04F79EFBC}") = "WPFGR2", "WPFGR2\WPFGR2.csproj", "{BB854B2B-97AD-4884-84D3-2DCBD29C6B93}"
EndProject
Global
	GlobalSection(SolutionConfigurationPlatforms) = preSolution
		Debug|Any CPU = Debug|Any CPU
		Release|Any CPU = Release|Any CPU
	EndGlobalSection
	GlobalSection(ProjectConfigurationPlatforms) = postSolution
		{BB854B2B-97AD-4884-84D3-2DCBD29C6B93}.Debug|Any CPU.ActiveCfg = Debug|Any CPU
		{BB854B2B-97AD-4884-84D3-2DCBD29C6B93}.Debug|Any CPU.Build.0 = Debug|Any CPU
		{BB854B2B-97AD-4884-84D3-2DCBD29C6B93}.Release|Any CPU.ActiveCfg = Release|Any CPU
		{BB854B2B-97AD-4884-84D3-2DCBD29C6B93}.Release|Any CPU.Build.0 = Release|Any CPU
	EndGlobalSection
	GlobalSection(SolutionProperties) = preSolution
		HideSolutionNode = FALSE
	EndGlobalSection
	GlobalSection(ExtensibilityGlobals) = postSolution
		SolutionGuid = {9BE5B22A-995D-4E10-964D-39E2F1466011}
	EndGlobalSection
EndGlobal
